{
  "name": "@ethan-devlab/secretgen",
  "version": "0.2.0",
  "lockfileVersion": 3,
  "requires": true,
  "packages": {
    "": {
      "name": "@ethan-devlab/secretgen",
      "version": "0.2.0",
      "license": "MIT",
      "dependencies": {
        "@biomejs/biome": "^2.5.11",
        "@nats-io/nkeys": "2.0.3",
        "@otplib/uri": "13.5.0",
        "@scure/base": "2.4.0",
        "@wordlist/english-eff": "1.0.1",
        "age-encryption": "0.3.0",
        "jose": "6.2.10",
        "libsodium-wrappers": "0.8.4",
        "nanoid": "6.0.1",
        "otplib": "13.5.0",
        "paseto-ts": "2.0.6",
        "sshpk": "1.18.0",
        "uuid": "14.0.2"
      },
      "bin": {
        "secretgen": "bin/secretgen.js"
      },
      "engines": {
        "node": ">=22"
      }
    },
    "node_modules/@biomejs/biome": {
      "version": "2.5.11",
      "resolved": "https://registry.npmjs.org/@biomejs/biome/-/biome-2.5.11.tgz",
      "integrity": "sha512-Tj0dnkLPdW0ASjHfj2D/ZkkvPU2wrFmnE1jWTD2xzV1ycapV1DutbYXk4NDnR3rYTi1ZCbNFD4G2gRMEY65WaA==",
      "license": "MIT OR Apache-2.0",
      "bin": {
        "biome": "bin/biome"
      },
      "engines": {
        "node": ">=14.21.3"
      },
      "funding": {
        "type": "opencollective",
        "url": "https://opencollective.com/biome"
      },
      "optionalDependencies": {
        "@biomejs/cli-darwin-arm64": "2.5.11",
        "@biomejs/cli-darwin-x64": "2.5.11",
        "@biomejs/cli-linux-arm64": "2.5.11",
        "@biomejs/cli-linux-arm64-musl": "2.5.11",
        "@biomejs/cli-linux-x64": "2.5.11",
        "@biomejs/cli-linux-x64-musl": "2.5.11",
        "@biomejs/cli-win32-arm64": "2.5.11",
        "@biomejs/cli-win32-x64": "2.5.11"
      }
    },
    "node_modules/@biomejs/cli-darwin-arm64": {
      "version": "2.5.11",
      "resolved": "https://registry.npmjs.org/@biomejs/cli-darwin-arm64/-/cli-darwin-arm64-2.5.11.tgz",
      "integrity": "sha512-6SGZxoKbXvUjMn1t6A98HqWISPnGNbYs0R/Rt2JarmXBSev+lva4QxUMWEBX9lX1Wo1XTJ78uk5xVDtG58SRZg==",
      "cpu": [
        "arm64"
      ],
      "license": "MIT OR Apache-2.0",
      "optional": true,
      "os": [
        "darwin"
      ],
      "engines": {
        "node": ">=14.21.3"
      }
    },
    "node_modules/@biomejs/cli-darwin-x64": {
      "version": "2.5.11",
      "resolved": "https://registry.npmjs.org/@biomejs/cli-darwin-x64/-/cli-darwin-x64-2.5.11.tgz",
      "integrity": "sha512-nYkXY7tLBEgnGbYapDKAyKzgt44ZEyG+AKalvTXtCWKYgepI9dw327q+cVgedxm+Udi1ZzHKUyZrIusHi/KQbw==",
      "cpu": [
        "x64"
      ],
      "license": "MIT OR Apache-2.0",
      "optional": true,
      "os": [
        "darwin"
      ],
      "engines": {
        "node": ">=14.21.3"
      }
    },
    "node_modules/@biomejs/cli-linux-arm64": {
      "version": "2.5.11",
      "resolved": "https://registry.npmjs.org/@biomejs/cli-linux-arm64/-/cli-linux-arm64-2.5.11.tgz",
      "integrity": "sha512-3PVLSTD9RR73rvVPt5G3T1gc+ycggWEGfTD7RvzzbtcDPD27NxgxBbAFfpm7DXJKW6VLHWE1lLMGvFt2Qxjcow==",
      "cpu": [
        "arm64"
      ],
      "libc": [
        "glibc"
      ],
      "license": "MIT OR Apache-2.0",
      "optional": true,
      "os": [
        "linux"
      ],
      "engines": {
        "node": ">=14.21.3"
      }
    },
    "node_modules/@biomejs/cli-linux-arm64-musl": {
      "version": "2.5.11",
      "resolved": "https://registry.npmjs.org/@biomejs/cli-linux-arm64-musl/-/cli-linux-arm64-musl-2.5.11.tgz",
      "integrity": "sha512-qhyZUMyCbWYFV2bAwRNVvfMVZ+hv7WYl6mossGrxC+uiQQXhvsuWWU8zz6jYX0mChZd9MgQZbm4vozTmG/5iGw==",
      "cpu": [
        "arm64"
      ],
      "libc": [
        "musl"
      ],
      "license": "MIT OR Apache-2.0",
      "optional": true,
      "os": [
        "linux"
      ],
      "engines": {
        "node": ">=14.21.3"
      }
    },
    "node_modules/@biomejs/cli-linux-x64": {
      "version": "2.5.11",
      "resolved": "https://registry.npmjs.org/@biomejs/cli-linux-x64/-/cli-linux-x64-2.5.11.tgz",
      "integrity": "sha512-JOytptlsgM33B2MMFUg8iBrb4IKpbD5JnJrSeYiaFEeAj4vuXx0iQSQZ4qK7sqyMtfjZxxPdNdMZZVL4y/mFyA==",
      "cpu": [
        "x64"
      ],
      "libc": [
        "glibc"
      ],
      "license": "MIT OR Apache-2.0",
      "optional": true,
      "os": [
        "linux"
      ],
      "engines": {
        "node": ">=14.21.3"
      }
    },
    "node_modules/@biomejs/cli-linux-x64-musl": {
      "version": "2.5.11",
      "resolved": "https://registry.npmjs.org/@biomejs/cli-linux-x64-musl/-/cli-linux-x64-musl-2.5.11.tgz",
      "integrity": "sha512-oRRlrchG5EfrEL/EmtT1qUjSNHk3/5LGeZhQqADBBAJF1b1ET6964xEKe7aGlGARzDfza8H/seEsFJl7S6Ql9w==",
      "cpu": [
        "x64"
      ],
      "libc": [
        "musl"
      ],
      "license": "MIT OR Apache-2.0",
      "optional": true,
      "os": [
        "linux"
      ],
      "engines": {
        "node": ">=14.21.3"
      }
    },
    "node_modules/@biomejs/cli-win32-arm64": {
      "version": "2.5.11",
      "resolved": "https://registry.npmjs.org/@biomejs/cli-win32-arm64/-/cli-win32-arm64-2.5.11.tgz",
      "integrity": "sha512-e49E6K9hzH/ohJNx8Y26mY8HaV4I4ZViIeoqhKsmoXLKHhQnMeBAVqCgsGf2Wa3lXlS7RkporDXMHHWkzvZzFw==",
      "cpu": [
        "arm64"
      ],
      "license": "MIT OR Apache-2.0",
      "optional": true,
      "os": [
        "win32"
      ],
      "engines": {
        "node": ">=14.21.3"
      }
    },
    "node_modules/@biomejs/cli-win32-x64": {
      "version": "2.5.11",
      "resolved": "https://registry.npmjs.org/@biomejs/cli-win32-x64/-/cli-win32-x64-2.5.11.tgz",
      "integrity": "sha512-QSQr/KjOgXA7OzXJUWS+oguKyAZ3Q0l/lnlDGbu397eKo83atuWUjBPJrsqbKNF6CARGw8XXJLGzpHC8Ryhd4Q==",
      "cpu": [
        "x64"
      ],
      "license": "MIT OR Apache-2.0",
      "optional": true,
      "os": [
        "win32"
      ],
      "engines": {
        "node": ">=14.21.3"
      }
    },
    "node_modules/@nats-io/nkeys": {
      "version": "2.0.3",
      "resolved": "https://registry.npmjs.org/@nats-io/nkeys/-/nkeys-2.0.3.tgz",
      "integrity": "sha512-JVt56GuE6Z89KUkI4TXUbSI9fmIfAmk6PMPknijmuL72GcD+UgIomTcRWiNvvJKxA01sBbmIPStqJs5cMRBC3A==",
      "license": "Apache-2.0",
      "dependencies": {
        "tweetnacl": "^1.0.3"
      },
      "engines": {
        "node": ">=18.0.0"
      }
    },
    "node_modules/@nats-io/nkeys/node_modules/tweetnacl": {
      "version": "1.0.3",
      "resolved": "https://registry.npmjs.org/tweetnacl/-/tweetnacl-1.0.3.tgz",
      "integrity": "sha512-6rt+RN7aOi1nGMyC4Xa5DdYiukl2UWCbcJft7YhxReBGQD7OAM8Pbxw6YMo4r2diNEA8FEmu32YOn9rhaiE5yw==",
      "license": "Unlicense"
    },
    "node_modules/@noble/ciphers": {
      "version": "2.3.0",
      "resolved": "https://registry.npmjs.org/@noble/ciphers/-/ciphers-2.3.0.tgz",
      "integrity": "sha512-Clu/xdfgVTf9o7ngLOURaxePwR0j8sjclKEtVij10/jGulwFsPWCvvRgG/XjUVf8Nei+jLG6uwyXzUTGY1DQrw==",
      "license": "MIT",
      "engines": {
        "node": ">= 20.19.0"
      },
      "funding": {
        "url": "https://paulmillr.com/funding/"
      }
    },
    "node_modules/@noble/curves": {
      "version": "2.3.0",
      "resolved": "https://registry.npmjs.org/@noble/curves/-/curves-2.3.0.tgz",
      "integrity": "sha512-v7cY+4oWYPQszRj6ZFGzTVL7uP2TaLo1xMhWHzYC5wj0ZhOXQ5x+sBre8rF3hi8cAoi0bh1qXoovoOkdFtvqEg==",
      "license": "MIT",
      "dependencies": {
        "@noble/hashes": "2.3.0"
      },
      "engines": {
        "node": ">= 20.19.0"
      },
      "funding": {
        "url": "https://paulmillr.com/funding/"
      }
    },
    "node_modules/@noble/hashes": {
      "version": "2.3.0",
      "resolved": "https://registry.npmjs.org/@noble/hashes/-/hashes-2.3.0.tgz",
      "integrity": "sha512-oN+QwyX7VSHotibwubG3kpzbwKrfnyR6OOO+3Nk/53ADL7FmgHHz4TgrbaYKvvOw09u6QTx0oiH1cNCIOuN0CQ==",
      "license": "MIT",
      "engines": {
        "node": ">= 20.19.0"
      },
      "funding": {
        "url": "https://paulmillr.com/funding/"
      }
    },
    "node_modules/@noble/post-quantum": {
      "version": "0.5.4",
      "resolved": "https://registry.npmjs.org/@noble/post-quantum/-/post-quantum-0.5.4.tgz",
      "integrity": "sha512-leww0zzIirrvwaYMPI9fj6aRIlA/c6Y0/lifQQ1YOOyHEr0MNH3yYpjXeiVG+tWdPps4XxGclFWX2INPO3Yo5w==",
      "license": "MIT",
      "dependencies": {
        "@noble/curves": "~2.0.0",
        "@noble/hashes": "~2.0.0"
      },
      "engines": {
        "node": ">= 20.19.0"
      },
      "funding": {
        "url": "https://paulmillr.com/funding/"
      }
    },
    "node_modules/@noble/post-quantum/node_modules/@noble/curves": {
      "version": "2.0.1",
      "resolved": "https://registry.npmjs.org/@noble/curves/-/curves-2.0.1.tgz",
      "integrity": "sha512-vs1Az2OOTBiP4q0pwjW5aF0xp9n4MxVrmkFBxc6EKZc6ddYx5gaZiAsZoq0uRRXWbi3AT/sBqn05eRPtn1JCPw==",
      "license": "MIT",
      "dependencies": {
        "@noble/hashes": "2.0.1"
      },
      "engines": {
        "node": ">= 20.19.0"
      },
      "funding": {
        "url": "https://paulmillr.com/funding/"
      }
    },
    "node_modules/@noble/post-quantum/node_modules/@noble/hashes": {
      "version": "2.0.1",
      "resolved": "https://registry.npmjs.org/@noble/hashes/-/hashes-2.0.1.tgz",
      "integrity": "sha512-XlOlEbQcE9fmuXxrVTXCTlG2nlRXa9Rj3rr5Ue/+tX+nmkgbX720YHh0VR3hBF9xDvwnb8D2shVGOwNx+ulArw==",
      "license": "MIT",
      "engines": {
        "node": ">= 20.19.0"
      },
      "funding": {
        "url": "https://paulmillr.com/funding/"
      }
    },
    "node_modules/@otplib/core": {
      "version": "13.5.0",
      "resolved": "https://registry.npmjs.org/@otplib/core/-/core-13.5.0.tgz",
      "integrity": "sha512-2rURdkYkb3BDhMs3j/oCCPTve1ybJ6ruLfLfSe1ZSPV+y6RFTbLfAuT0m0ZCnps88ogkIq9t/+Li/kg5RofQwQ==",
      "license": "MIT"
    },
    "node_modules/@otplib/hotp": {
      "version": "13.5.0",
      "resolved": "https://registry.npmjs.org/@otplib/hotp/-/hotp-13.5.0.tgz",
      "integrity": "sha512-1EwwAti05CeWJn4xXOVMBK9N6dIJlJw/cQkQyiL9OVlkeS452wAve3ffodi+5IUZdWoF1wxVug38RisdxDqDWw==",
      "license": "MIT",
      "dependencies": {
        "@otplib/core": "13.5.0",
        "@otplib/uri": "13.5.0"
      }
    },
    "node_modules/@otplib/plugin-base32-scure": {
      "version": "13.5.0",
      "resolved": "https://registry.npmjs.org/@otplib/plugin-base32-scure/-/plugin-base32-scure-13.5.0.tgz",
      "integrity": "sha512-3JEIHindUMiIeNL0jXepSAkZ/7IkWq4sPdG9eXK0lrMXZG9RdKu5oz/4tuuTodtsFUPYhKlRMqv5xUvQIkMIaA==",
      "license": "MIT",
      "dependencies": {
        "@otplib/core": "13.5.0",
        "@scure/base": "^2.2.0"
      }
    },
    "node_modules/@otplib/plugin-crypto-noble": {
      "version": "13.5.0",
      "resolved": "https://registry.npmjs.org/@otplib/plugin-crypto-noble/-/plugin-crypto-noble-13.5.0.tgz",
      "integrity": "sha512-fihOAGFvc4b8XTKyIK3jifFP2nLrUNc2bOaJ3UkUKJjy1XI2FbHKG0WmOH+jFsPfa6VsOnouCnEmSznDxIe0pA==",
      "license": "MIT",
      "dependencies": {
        "@noble/hashes": "^2.2.0",
        "@otplib/core": "13.5.0"
      }
    },
    "node_modules/@otplib/totp": {
      "version": "13.5.0",
      "resolved": "https://registry.npmjs.org/@otplib/totp/-/totp-13.5.0.tgz",
      "integrity": "sha512-GD9LzQnbHDwXCp79s8AaiA5cJR6luX5fEr9AN32AWx4ooRvllPbMkG80gHSA0jbGCnAIX/ChyOtTZ8tgJHMkSg==",
      "license": "MIT",
      "dependencies": {
        "@otplib/core": "13.5.0",
        "@otplib/hotp": "13.5.0",
        "@otplib/uri": "13.5.0"
      }
    },
    "node_modules/@otplib/uri": {
      "version": "13.5.0",
      "resolved": "https://registry.npmjs.org/@otplib/uri/-/uri-13.5.0.tgz",
      "integrity": "sha512-LsL1hqTEgJHY40U2eb/Qp6OR1tKkNGwHQTrqqjIuJj0cawGWkLEmeUFK1MHzWBQ4bgy5IdeB5Et7gIDSAH/CRw==",
      "license": "MIT",
      "dependencies": {
        "@otplib/core": "13.5.0"
      }
    },
    "node_modules/@scure/base": {
      "version": "2.4.0",
      "resolved": "https://registry.npmjs.org/@scure/base/-/base-2.4.0.tgz",
      "integrity": "sha512-thZ1TuJwFwBblOhgsjDKvvGirBxNp+wSvY/DR6tJBJOTDhdAAcHJ8Vbr2eFnqaxeca4+t0i9KBf+uHYGWwZORg==",
      "license": "MIT",
      "funding": {
        "url": "https://paulmillr.com/funding/"
      }
    },
    "node_modules/@stablelib/binary": {
      "version": "2.0.1",
      "resolved": "https://registry.npmjs.org/@stablelib/binary/-/binary-2.0.1.tgz",
      "integrity": "sha512-U9iAO8lXgEDONsA0zPPSgcf3HUBNAqHiJmSHgZz62OvC3Hi2Bhc5kTnQ3S1/L+sthDTHtCMhcEiklmIly6uQ3w==",
      "license": "MIT",
      "dependencies": {
        "@stablelib/int": "^2.0.1"
      }
    },
    "node_modules/@stablelib/blake2b": {
      "version": "2.0.1",
      "resolved": "https://registry.npmjs.org/@stablelib/blake2b/-/blake2b-2.0.1.tgz",
      "integrity": "sha512-kBN4i9FHpkTEVrHwKtb1ZjI6QwyoK8emY9TaLcHHFSZkw2FN9Td8Js9mU2U10q+EZ3Mp6z78QgdPDwJXbc3Dtw==",
      "license": "MIT",
      "dependencies": {
        "@stablelib/binary": "^2.0.1",
        "@stablelib/hash": "^2.0.0",
        "@stablelib/wipe": "^2.0.1"
      }
    },
    "node_modules/@stablelib/chacha": {
      "version": "2.0.1",
      "resolved": "https://registry.npmjs.org/@stablelib/chacha/-/chacha-2.0.1.tgz",
      "integrity": "sha512-lS1FqtNqofxe2vLkRsLli2m3x/XanUyAYRphLhdHumKeIsLbjbCXdCq3Pf/eWiO7G3QlSG5ViqnoVjktzfLWMg==",
      "license": "MIT",
      "dependencies": {
        "@stablelib/binary": "^2.0.1",
        "@stablelib/wipe": "^2.0.1"
      }
    },
    "node_modules/@stablelib/ed25519": {
      "version": "2.1.0",
      "resolved": "https://registry.npmjs.org/@stablelib/ed25519/-/ed25519-2.1.0.tgz",
      "integrity": "sha512-8GLWoJur9nJiErABKHs5MjceSiYJJ2n8QP9k8Q5x6GWU2y5oAQ6qzPh8kCgQy5aHlUxcmRA1frQ5Gu2bHoIDPw==",
      "license": "MIT",
      "dependencies": {
        "@stablelib/random": "^2.0.1",
        "@stablelib/sha512": "^2.0.1",
        "@stablelib/wipe": "^2.0.1"
      }
    },
    "node_modules/@stablelib/hash": {
      "version": "2.0.0",
      "resolved": "https://registry.npmjs.org/@stablelib/hash/-/hash-2.0.0.tgz",
      "integrity": "sha512-u3WPSqGido8lwJuMcrBgM5K54LrPGhkWAdtsyccf7dGsLixAZUds77zOAbu7bvKPwQlmoByH0txBi5rTmEKuHg==",
      "license": "MIT"
    },
    "node_modules/@stablelib/int": {
      "version": "2.0.1",
      "resolved": "https://registry.npmjs.org/@stablelib/int/-/int-2.0.1.tgz",
      "integrity": "sha512-Ht63fQp3wz/F8U4AlXEPb7hfJOIILs8Lq55jgtD7KueWtyjhVuzcsGLSTAWtZs3XJDZYdF1WcSKn+kBtbzupww==",
      "license": "MIT"
    },
    "node_modules/@stablelib/random": {
      "version": "2.0.1",
      "resolved": "https://registry.npmjs.org/@stablelib/random/-/random-2.0.1.tgz",
      "integrity": "sha512-W6GAtXEEs7r+dSbuBsvoFmlyL3gLxle41tQkjKu17dDWtDdjhVUbtRfRCQcCUeczwkgjQxMPopgwYEvxXtHXGw==",
      "license": "MIT",
      "dependencies": {
        "@stablelib/binary": "^2.0.1",
        "@stablelib/wipe": "^2.0.1"
      }
    },
    "node_modules/@stablelib/sha512": {
      "version": "2.0.1",
      "resolved": "https://registry.npmjs.org/@stablelib/sha512/-/sha512-2.0.1.tgz",
      "integrity": "sha512-DUNe5cbnoH3sSIN+MG04RvTCLXtkbyy/SnQxiNO+GgF/KSXkkUSlF6mUVvCUdZBZ2X3NgogR+tAvaRSn8wxnLw==",
      "license": "MIT",
      "dependencies": {
        "@stablelib/binary": "^2.0.1",
        "@stablelib/hash": "^2.0.0",
        "@stablelib/wipe": "^2.0.1"
      }
    },
    "node_modules/@stablelib/wipe": {
      "version": "2.0.1",
      "resolved": "https://registry.npmjs.org/@stablelib/wipe/-/wipe-2.0.1.tgz",
      "integrity": "sha512-1eU2K9EgOcV4qc9jcP6G72xxZxEm5PfeI5H55l08W95b4oRJaqhmlWRc4xZAm6IVSKhVNxMi66V67hCzzuMTAg==",
      "license": "MIT"
    },
    "node_modules/@stablelib/xchacha20": {
      "version": "2.0.1",
      "resolved": "https://registry.npmjs.org/@stablelib/xchacha20/-/xchacha20-2.0.1.tgz",
      "integrity": "sha512-k55pNv7gIM4mUPU00+nJYTxKiUVNwAtsgrridC0aIU5cVbw9u6qP99x8ENu5eiwOEhZUNg+p3tTOLooCeAOJQA==",
      "license": "MIT",
      "dependencies": {
        "@stablelib/binary": "^2.0.1",
        "@stablelib/chacha": "^2.0.1",
        "@stablelib/wipe": "^2.0.1"
      }
    },
    "node_modules/@wordlist/english-eff": {
      "version": "1.0.1",
      "resolved": "https://registry.npmjs.org/@wordlist/english-eff/-/english-eff-1.0.1.tgz",
      "integrity": "sha512-ZgmJbl6qe7clQPy/dHqLDn2QJWIdMDI4m63iBzqOKckqtNKfq79rPqNk+nH3+ow6rij84soMN+DDPaUjVvAtQA==",
      "license": "MIT",
      "engines": {
        "node": ">=18"
      }
    },
    "node_modules/age-encryption": {
      "version": "0.3.0",
      "resolved": "https://registry.npmjs.org/age-encryption/-/age-encryption-0.3.0.tgz",
      "integrity": "sha512-vDhGGp5ZXpbKL6oc3FEBjGhyepr/0SwIWmia6CcPXvYcxGBSQNcDdMv9m2yVOkjjYuJEmtGEhOojIUcjrj0cEw==",
      "license": "BSD-3-Clause",
      "dependencies": {
        "@noble/ciphers": "^2.1.1",
        "@noble/curves": "^2.0.1",
        "@noble/hashes": "^2.0.1",
        "@noble/post-quantum": "^0.5.3",
        "@scure/base": "^2.0.0"
      }
    },
    "node_modules/asn1": {
      "version": "0.2.6",
      "resolved": "https://registry.npmjs.org/asn1/-/asn1-0.2.6.tgz",
      "integrity": "sha512-ix/FxPn0MDjeyJ7i/yoHGFt/EX6LyNbxSEhPPXODPL+KB0VPk86UYfL0lMdy+KCnv+fmvIzySwaK5COwqVbWTQ==",
      "license": "MIT",
      "dependencies": {
        "safer-buffer": "~2.1.0"
      }
    },
    "node_modules/assert-plus": {
      "version": "1.0.0",
      "resolved": "https://registry.npmjs.org/assert-plus/-/assert-plus-1.0.0.tgz",
      "integrity": "sha512-NfJ4UzBCcQGLDlQq7nHxH+tv3kyZ0hHQqF5BO6J7tNJeP5do1llPr8dZ8zHonfhAu0PHAdMkSo+8o0wxg9lZWw==",
      "license": "MIT",
      "engines": {
        "node": ">=0.8"
      }
    },
    "node_modules/bcrypt-pbkdf": {
      "version": "1.0.2",
      "resolved": "https://registry.npmjs.org/bcrypt-pbkdf/-/bcrypt-pbkdf-1.0.2.tgz",
      "integrity": "sha512-qeFIXtP4MSoi6NLqO12WfqARWWuCKi2Rn/9hJLEmtB5yTNr9DqFWkJRCf2qShWzPeAMRnOgCrq0sg/KLv5ES9w==",
      "license": "BSD-3-Clause",
      "dependencies": {
        "tweetnacl": "^0.14.3"
      }
    },
    "node_modules/dashdash": {
      "version": "1.14.1",
      "resolved": "https://registry.npmjs.org/dashdash/-/dashdash-1.14.1.tgz",
      "integrity": "sha512-jRFi8UDGo6j+odZiEpjazZaWqEal3w/basFjQHQEwVtZJGDpxbH1MeYluwCS8Xq5wmLJooDlMgvVarmWfGM44g==",
      "license": "MIT",
      "dependencies": {
        "assert-plus": "^1.0.0"
      },
      "engines": {
        "node": ">=0.10"
      }
    },
    "node_modules/ecc-jsbn": {
      "version": "0.1.2",
      "resolved": "https://registry.npmjs.org/ecc-jsbn/-/ecc-jsbn-0.1.2.tgz",
      "integrity": "sha512-eh9O+hwRHNbG4BLTjEl3nw044CkGm5X6LoaCf7LPp7UU8Qrt47JYNi6nPX8xjW97TKGKm1ouctg0QSpZe9qrnw==",
      "license": "MIT",
      "dependencies": {
        "jsbn": "~0.1.0",
        "safer-buffer": "^2.1.0"
      }
    },
    "node_modules/getpass": {
      "version": "0.1.7",
      "resolved": "https://registry.npmjs.org/getpass/-/getpass-0.1.7.tgz",
      "integrity": "sha512-0fzj9JxOLfJ+XGLhR8ze3unN0KZCgZwiSSDz168VERjK8Wl8kVSdcu2kspd4s4wtAa1y/qrVRiAA0WclVsu0ng==",
      "license": "MIT",
      "dependencies": {
        "assert-plus": "^1.0.0"
      }
    },
    "node_modules/jose": {
      "version": "6.2.10",
      "resolved": "https://registry.npmjs.org/jose/-/jose-6.2.10.tgz",
      "integrity": "sha512-iiW7J9qRFlGxvCOIBDBDxFePQSn7ZMAnrYGhrrOo6siO/MIqwfyilLR27pkfDgUk+raLuzADS8A3S/KLBisc0g==",
      "license": "MIT",
      "funding": {
        "url": "https://github.com/sponsors/panva"
      }
    },
    "node_modules/jsbn": {
      "version": "0.1.1",
      "resolved": "https://registry.npmjs.org/jsbn/-/jsbn-0.1.1.tgz",
      "integrity": "sha512-UVU9dibq2JcFWxQPA6KCqj5O42VOmAY3zQUfEKxU0KpTGXwNoCjkX1e13eHNvw/xPynt6pU0rZ1htjWTNTSXsg==",
      "license": "MIT"
    },
    "node_modules/libsodium": {
      "version": "0.8.4",
      "resolved": "https://registry.npmjs.org/libsodium/-/libsodium-0.8.4.tgz",
      "integrity": "sha512-lMcYaRi0zcs7tarATsQUYC7rstliIXZuoq0c6zXSgNtSNtdvBgkSegjWhpMJAXzKX3SUSwIp7+zEsob+j3LuRw==",
      "license": "ISC"
    },
    "node_modules/libsodium-wrappers": {
      "version": "0.8.4",
      "resolved": "https://registry.npmjs.org/libsodium-wrappers/-/libsodium-wrappers-0.8.4.tgz",
      "integrity": "sha512-mu8aAWucZjTB5O/BtGXtW4e1agy7uHxNYG7zPthmmD1jU43LCDmSWZLN4JhflbdPXj3yDO4lxM1O9hLDgIOXDw==",
      "license": "ISC",
      "dependencies": {
        "libsodium": "^0.8.0"
      }
    },
    "node_modules/nanoid": {
      "version": "6.0.1",
      "resolved": "https://registry.npmjs.org/nanoid/-/nanoid-6.0.1.tgz",
      "integrity": "sha512-3wVS3i51pE2pi1k5FFL/95BGfVS0kSsvDVuGXHOtxox/TywUmtgq+3qiTOTbs9J7KfHaXPiN171k/A6dBnaXFw==",
      "funding": [
        {
          "type": "github",
          "url": "https://github.com/sponsors/ai"
        }
      ],
      "license": "MIT",
      "bin": {
        "nanoid": "bin/nanoid.js"
      },
      "engines": {
        "node": "^22 || ^24 || >=26"
      }
    },
    "node_modules/otplib": {
      "version": "13.5.0",
      "resolved": "https://registry.npmjs.org/otplib/-/otplib-13.5.0.tgz",
      "integrity": "sha512-RpcC6aq4rANX6MverMuU3pqHVLgMPO7vl6qR8ga7YzoEHlPJknJ58cSVAaf3jBYnasiQVQHXXl2mj/4pYlsVEQ==",
      "license": "MIT",
      "dependencies": {
        "@otplib/core": "13.5.0",
        "@otplib/hotp": "13.5.0",
        "@otplib/plugin-base32-scure": "13.5.0",
        "@otplib/plugin-crypto-noble": "13.5.0",
        "@otplib/totp": "13.5.0",
        "@otplib/uri": "13.5.0"
      }
    },
    "node_modules/paseto-ts": {
      "version": "2.0.6",
      "resolved": "https://registry.npmjs.org/paseto-ts/-/paseto-ts-2.0.6.tgz",
      "integrity": "sha512-Ul3AzoCcS4uA6jF+GW2zYUxZY78xsqCbfxdv2Khk/30hDxAzcvsWQjp4uW1XcbkrO9zNrPbdBv4HiXgJigWLVA==",
      "license": "MIT",
      "dependencies": {
        "@stablelib/blake2b": "^2.0.1",
        "@stablelib/ed25519": "^2.1.0",
        "@stablelib/xchacha20": "^2.0.1"
      }
    },
    "node_modules/safer-buffer": {
      "version": "2.1.2",
      "resolved": "https://registry.npmjs.org/safer-buffer/-/safer-buffer-2.1.2.tgz",
      "integrity": "sha512-YZo3K82SD7Riyi0E1EQPojLz7kpepnSQI9IyPbHHg1XXXevb5dJI7tpyN2ADxGcQbHG7vcyRHk0cbwqcQriUtg==",
      "license": "MIT"
    },
    "node_modules/sshpk": {
      "version": "1.18.0",
      "resolved": "https://registry.npmjs.org/sshpk/-/sshpk-1.18.0.tgz",
      "integrity": "sha512-2p2KJZTSqQ/I3+HX42EpYOa2l3f8Erv8MWKsy2I9uf4wA7yFIkXRffYdsx86y6z4vHtV8u7g+pPlr8/4ouAxsQ==",
      "license": "MIT",
      "dependencies": {
        "asn1": "~0.2.3",
        "assert-plus": "^1.0.0",
        "bcrypt-pbkdf": "^1.0.0",
        "dashdash": "^1.12.0",
        "ecc-jsbn": "~0.1.1",
        "getpass": "^0.1.1",
        "jsbn": "~0.1.0",
        "safer-buffer": "^2.0.2",
        "tweetnacl": "~0.14.0"
      },
      "bin": {
        "sshpk-conv": "bin/sshpk-conv",
        "sshpk-sign": "bin/sshpk-sign",
        "sshpk-verify": "bin/sshpk-verify"
      },
      "engines": {
        "node": ">=0.10.0"
      }
    },
    "node_modules/tweetnacl": {
      "version": "0.14.5",
      "resolved": "https://registry.npmjs.org/tweetnacl/-/tweetnacl-0.14.5.tgz",
      "integrity": "sha512-KXXFFdAbFXY4geFIwoyNK+f5Z1b7swfXABfL7HXCmoIWMKU3dmS26672A4EeQtDzLKy7SXmfBu51JolvEKwtGA==",
      "license": "Unlicense"
    },
    "node_modules/uuid": {
      "version": "14.0.2",
      "resolved": "https://registry.npmjs.org/uuid/-/uuid-14.0.2.tgz",
      "integrity": "sha512-xZe/16rV4aa+HGSOCiY2YeLT1OybRLrrkL/Rqaq7p7GMVXjFh+6wN4oMYgjFmnSnhY8t6Xpdl2l9qmnHYuMHwQ==",
      "funding": [
        "https://github.com/sponsors/broofa",
        "https://github.com/sponsors/ctavan"
      ],
      "license": "MIT",
      "bin": {
        "uuid": "dist-node/bin/uuid"
      }
    }
  }
}
